
Microsoft Visual Studio Solution File, Format Version 12.00
# Visual Studio Version 17
VisualStudioVersion = 17.0.31903.59
MinimumVisualStudioVersion = 10.0.40219.1
Project("{FAE04EC0-301F-11D3-BF4B-00C04F79EFBC}") = "Discoteque.API", "Discoteque.API\Discoteque.API.csproj", "{8D1E180A-879D-4D72-8DF4-EE15197ADAE6}"
EndProject
Project("{FAE04EC0-301F-11D3-BF4B-00C04F79EFBC}") = "Discoteque.Business", "Discoteque.Business\Discoteque.Business.csproj", "{B474FB47-98A6-4B6B-9AC7-70A2509FD721}"
EndProject
Project("{FAE04EC0-301F-11D3-BF4B-00C04F79EFBC}") = "Discoteque.Data", "Discoteque.Data\Discoteque.Data.csproj", "{46F20222-DB17-4B5B-BB73-31D885839B52}"
EndProject
Global
	GlobalSection(SolutionConfigurationPlatforms) = preSolution
		Debug|Any CPU = Debug|Any CPU
		Release|Any CPU = Release|Any CPU
	EndGlobalSection
	GlobalSection(SolutionProperties) = preSolution
		HideSolutionNode = FALSE
	EndGlobalSection
	GlobalSection(ProjectConfigurationPlatforms) = postSolution
		{8D1E180A-879D-4D72-8DF4-EE15197ADAE6}.Debug|Any CPU.ActiveCfg = Debug|Any CPU
		{8D1E180A-879D-4D72-8DF4-EE15197ADAE6}.Debug|Any CPU.Build.0 = Debug|Any CPU
		{8D1E180A-879D-4D72-8DF4-EE15197ADAE6}.Release|Any CPU.ActiveCfg = Release|Any CPU
		{8D1E180A-879D-4D72-8DF4-EE15197ADAE6}.Release|Any CPU.Build.0 = Release|Any CPU
		{B474FB47-98A6-4B6B-9AC7-70A2509FD721}.Debug|Any CPU.ActiveCfg = Debug|Any CPU
		{B474FB47-98A6-4B6B-9AC7-70A2509FD721}.Debug|Any CPU.Build.0 = Debug|Any CPU
		{B474FB47-98A6-4B6B-9AC7-70A2509FD721}.Release|Any CPU.ActiveCfg = Release|Any CPU
		{B474FB47-98A6-4B6B-9AC7-70A2509FD721}.Release|Any CPU.Build.0 = Release|Any CPU
		{46F20222-DB17-4B5B-BB73-31D885839B52}.Debug|Any CPU.ActiveCfg = Debug|Any CPU
		{46F20222-DB17-4B5B-BB73-31D885839B52}.Debug|Any CPU.Build.0 = Debug|Any CPU
		{46F20222-DB17-4B5B-BB73-31D885839B52}.Release|Any CPU.ActiveCfg = Release|Any CPU
		{46F20222-DB17-4B5B-BB73-31D885839B52}.Release|Any CPU.Build.0 = Release|Any CPU
	EndGlobalSection
EndGlobal
